{
  "name": "AoC2022",
  "version": "1.0.0",
  "lockfileVersion": 2,
  "requires": true,
  "packages": {
    "": {
      "name": "AoC2022",
      "version": "1.0.0",
      "dependencies": {
        "collect.js": "^4.34.3"
      }
    },
    "node_modules/collect.js": {
      "version": "4.34.3",
      "resolved": "https://registry.npmjs.org/collect.js/-/collect.js-4.34.3.tgz",
      "integrity": "sha512-aFr67xDazPwthsGm729mnClgNuh15JEagU6McKBKqxuHOkWL7vMFzGbhsXDdPZ+H6ia5QKIMGYuGOMENBHnVpg=="
    }
  },
  "dependencies": {
    "collect.js": {
      "version": "4.34.3",
      "resolved": "https://registry.npmjs.org/collect.js/-/collect.js-4.34.3.tgz",
      "integrity": "sha512-aFr67xDazPwthsGm729mnClgNuh15JEagU6McKBKqxuHOkWL7vMFzGbhsXDdPZ+H6ia5QKIMGYuGOMENBHnVpg=="
    }
  }
}
